{
  "name": "blazormedia",
  "version": "0.1.0",
  "lockfileVersion": 1,
  "requires": true,
  "dependencies": {
    "@types/dom-mediacapture-record": {
      "version": "1.0.7",
      "resolved": "https://registry.npmjs.org/@types/dom-mediacapture-record/-/dom-mediacapture-record-1.0.7.tgz",
      "integrity": "sha512-ddDIRTO1ajtbxaNo2o7fPJggpN54PZf1ZUJKOjto2ENMJE/9GKUvaw3ZRuQzlS/p0E+PnIcssxfoqYJ4yiXSBw==",
      "dev": true
    },
    "typescript": {
      "version": "4.1.4",
      "resolved": "https://registry.npmjs.org/typescript/-/typescript-4.1.4.tgz",
      "integrity": "sha512-+Uru0t8qIRgjuCpiSPpfGuhHecMllk5Zsazj5LZvVsEStEjmIRRBZe+jHjGQvsgS7M1wONy2PQXd67EMyV6acg==",
      "dev": true
    }
  }
}
